// !$*UTF8*$!
{
	archiveVersion = 1;
	classes = {
	};
	objectVersion = 55;
	objects = {

/* Begin PBXBuildFile section */
		772C141B273AA7E000BB0127 /* APIConstants.swift in Sources */ = {isa = PBXBuildFile; fileRef = 772C141A273AA7E000BB0127 /* APIConstants.swift */; };
		772C141D273AA95000BB0127 /* NetworkResult.swift in Sources */ = {isa = PBXBuildFile; fileRef = 772C141C273AA95000BB0127 /* NetworkResult.swift */; };
		772C141F273AA9C100BB0127 /* LoginResponseDataModel.swift in Sources */ = {isa = PBXBuildFile; fileRef = 772C141E273AA9C100BB0127 /* LoginResponseDataModel.swift */; };
		772C1421273AAAD700BB0127 /* UserSignService.swift in Sources */ = {isa = PBXBuildFile; fileRef = 772C1420273AAAD700BB0127 /* UserSignService.swift */; };
		77AF1B372719E018007401DA /* Assets.xcassets in Resources */ = {isa = PBXBuildFile; fileRef = 77AF1B362719E018007401DA /* Assets.xcassets */; };
		77AF1B392719E79D007401DA /* SF-Pro-Display-Regular.otf in Resources */ = {isa = PBXBuildFile; fileRef = 77AF1B382719E79D007401DA /* SF-Pro-Display-Regular.otf */; };
		77AF1B3B2719E7DB007401DA /* SF-Pro-Display-Semibold.otf in Resources */ = {isa = PBXBuildFile; fileRef = 77AF1B3A2719E7DB007401DA /* SF-Pro-Display-Semibold.otf */; };
		77AF1B3D2719EDD4007401DA /* SF-Pro-Display-Medium.otf in Resources */ = {isa = PBXBuildFile; fileRef = 77AF1B3C2719EDD4007401DA /* SF-Pro-Display-Medium.otf */; };
		77AF1B3F271B5115007401DA /* NavigationController.swift in Sources */ = {isa = PBXBuildFile; fileRef = 77AF1B3E271B5115007401DA /* NavigationController.swift */; };
		77AF1B41271B57AD007401DA /* TabBar.storyboard in Resources */ = {isa = PBXBuildFile; fileRef = 77AF1B40271B57AD007401DA /* TabBar.storyboard */; };
		77AF1B43271B5B25007401DA /* TabBarController.swift in Sources */ = {isa = PBXBuildFile; fileRef = 77AF1B42271B5B25007401DA /* TabBarController.swift */; };
		77C96F76272A433800A5E44E /* HomeVC.swift in Sources */ = {isa = PBXBuildFile; fileRef = 77C96F75272A433800A5E44E /* HomeVC.swift */; };
		77C96F79272A6E4700A5E44E /* HomeTableViewCell.swift in Sources */ = {isa = PBXBuildFile; fileRef = 77C96F77272A6E4700A5E44E /* HomeTableViewCell.swift */; };
		77C96F7A272A6E4700A5E44E /* HomeTableViewCell.xib in Resources */ = {isa = PBXBuildFile; fileRef = 77C96F78272A6E4700A5E44E /* HomeTableViewCell.xib */; };
		77C96F7C272A7AAF00A5E44E /* AppContentDataModel.swift in Sources */ = {isa = PBXBuildFile; fileRef = 77C96F7B272A7AAF00A5E44E /* AppContentDataModel.swift */; };
		77C96F83272B820100A5E44E /* HomeCollectionViewCell.swift in Sources */ = {isa = PBXBuildFile; fileRef = 77C96F81272B820100A5E44E /* HomeCollectionViewCell.swift */; };
		77C96F84272B820100A5E44E /* HomeCollectionViewCell.xib in Resources */ = {isa = PBXBuildFile; fileRef = 77C96F82272B820100A5E44E /* HomeCollectionViewCell.xib */; };
		77C96F89272C16EA00A5E44E /* CategoryCollectionViewCell.swift in Sources */ = {isa = PBXBuildFile; fileRef = 77C96F87272C16EA00A5E44E /* CategoryCollectionViewCell.swift */; };
		77C96F8A272C16EA00A5E44E /* CategoryCollectionViewCell.xib in Resources */ = {isa = PBXBuildFile; fileRef = 77C96F88272C16EA00A5E44E /* CategoryCollectionViewCell.xib */; };
		77ECCD4D270DFE1F0090DDF8 /* AppDelegate.swift in Sources */ = {isa = PBXBuildFile; fileRef = 77ECCD4C270DFE1F0090DDF8 /* AppDelegate.swift */; };
		77ECCD4F270DFE1F0090DDF8 /* SceneDelegate.swift in Sources */ = {isa = PBXBuildFile; fileRef = 77ECCD4E270DFE1F0090DDF8 /* SceneDelegate.swift */; };
		77ECCD51270DFE1F0090DDF8 /* SignInVC.swift in Sources */ = {isa = PBXBuildFile; fileRef = 77ECCD50270DFE1F0090DDF8 /* SignInVC.swift */; };
		77ECCD54270DFE1F0090DDF8 /* Main.storyboard in Resources */ = {isa = PBXBuildFile; fileRef = 77ECCD52270DFE1F0090DDF8 /* Main.storyboard */; };
		77ECCD59270DFE220090DDF8 /* LaunchScreen.storyboard in Resources */ = {isa = PBXBuildFile; fileRef = 77ECCD57270DFE220090DDF8 /* LaunchScreen.storyboard */; };
		77ECCD61270E141B0090DDF8 /* SignUpVC.swift in Sources */ = {isa = PBXBuildFile; fileRef = 77ECCD60270E141B0090DDF8 /* SignUpVC.swift */; };
		77ECCD63270E14510090DDF8 /* ResultVC.swift in Sources */ = {isa = PBXBuildFile; fileRef = 77ECCD62270E14510090DDF8 /* ResultVC.swift */; };
		E3673B71328668C39D306F84 /* Pods_29th_Assignment_Youtube.framework in Frameworks */ = {isa = PBXBuildFile; fileRef = 126E61C2C861EE477EDEF532 /* Pods_29th_Assignment_Youtube.framework */; };
/* End PBXBuildFile section */

/* Begin PBXFileReference section */
		126E61C2C861EE477EDEF532 /* Pods_29th_Assignment_Youtube.framework */ = {isa = PBXFileReference; explicitFileType = wrapper.framework; includeInIndex = 0; path = Pods_29th_Assignment_Youtube.framework; sourceTree = BUILT_PRODUCTS_DIR; };
		772C141A273AA7E000BB0127 /* APIConstants.swift */ = {isa = PBXFileReference; lastKnownFileType = sourcecode.swift; path = APIConstants.swift; sourceTree = "<group>"; };
		772C141C273AA95000BB0127 /* NetworkResult.swift */ = {isa = PBXFileReference; lastKnownFileType = sourcecode.swift; path = NetworkResult.swift; sourceTree = "<group>"; };
		772C141E273AA9C100BB0127 /* LoginResponseDataModel.swift */ = {isa = PBXFileReference; lastKnownFileType = sourcecode.swift; path = LoginResponseDataModel.swift; sourceTree = "<group>"; };
		772C1420273AAAD700BB0127 /* UserSignService.swift */ = {isa = PBXFileReference; lastKnownFileType = sourcecode.swift; path = UserSignService.swift; sourceTree = "<group>"; };
		77AF1B362719E018007401DA /* Assets.xcassets */ = {isa = PBXFileReference; lastKnownFileType = folder.assetcatalog; path = Assets.xcassets; sourceTree = "<group>"; };
		77AF1B382719E79D007401DA /* SF-Pro-Display-Regular.otf */ = {isa = PBXFileReference; lastKnownFileType = file; name = "SF-Pro-Display-Regular.otf"; path = "../../../../../../../../../Library/Fonts/SF-Pro-Display-Regular.otf"; sourceTree = "<group>"; };
		77AF1B3A2719E7DB007401DA /* SF-Pro-Display-Semibold.otf */ = {isa = PBXFileReference; lastKnownFileType = file; name = "SF-Pro-Display-Semibold.otf"; path = "../../../../../../../../../Library/Fonts/SF-Pro-Display-Semibold.otf"; sourceTree = "<group>"; };
		77AF1B3C2719EDD4007401DA /* SF-Pro-Display-Medium.otf */ = {isa = PBXFileReference; lastKnownFileType = file; name = "SF-Pro-Display-Medium.otf"; path = "../../../../../../../../../Library/Fonts/SF-Pro-Display-Medium.otf"; sourceTree = "<group>"; };
		77AF1B3E271B5115007401DA /* NavigationController.swift */ = {isa = PBXFileReference; lastKnownFileType = sourcecode.swift; path = NavigationController.swift; sourceTree = "<group>"; };
		77AF1B40271B57AD007401DA /* TabBar.storyboard */ = {isa = PBXFileReference; lastKnownFileType = file.storyboard; path = TabBar.storyboard; sourceTree = "<group>"; };
		77AF1B42271B5B25007401DA /* TabBarController.swift */ = {isa = PBXFileReference; lastKnownFileType = sourcecode.swift; path = TabBarController.swift; sourceTree = "<group>"; };
		77C96F75272A433800A5E44E /* HomeVC.swift */ = {isa = PBXFileReference; lastKnownFileType = sourcecode.swift; path = HomeVC.swift; sourceTree = "<group>"; };
		77C96F77272A6E4700A5E44E /* HomeTableViewCell.swift */ = {isa = PBXFileReference; lastKnownFileType = sourcecode.swift; path = HomeTableViewCell.swift; sourceTree = "<group>"; };
		77C96F78272A6E4700A5E44E /* HomeTableViewCell.xib */ = {isa = PBXFileReference; lastKnownFileType = file.xib; path = HomeTableViewCell.xib; sourceTree = "<group>"; };
		77C96F7B272A7AAF00A5E44E /* AppContentDataModel.swift */ = {isa = PBXFileReference; lastKnownFileType = sourcecode.swift; path = AppContentDataModel.swift; sourceTree = "<group>"; };
		77C96F81272B820100A5E44E /* HomeCollectionViewCell.swift */ = {isa = PBXFileReference; lastKnownFileType = sourcecode.swift; path = HomeCollectionViewCell.swift; sourceTree = "<group>"; };
		77C96F82272B820100A5E44E /* HomeCollectionViewCell.xib */ = {isa = PBXFileReference; lastKnownFileType = file.xib; path = HomeCollectionViewCell.xib; sourceTree = "<group>"; };
		77C96F87272C16EA00A5E44E /* CategoryCollectionViewCell.swift */ = {isa = PBXFileReference; lastKnownFileType = sourcecode.swift; path = CategoryCollectionViewCell.swift; sourceTree = "<group>"; };
		77C96F88272C16EA00A5E44E /* CategoryCollectionViewCell.xib */ = {isa = PBXFileReference; lastKnownFileType = file.xib; path = CategoryCollectionViewCell.xib; sourceTree = "<group>"; };
		77ECCD49270DFE1F0090DDF8 /* 29th_Assignment_Youtube.app */ = {isa = PBXFileReference; explicitFileType = wrapper.application; includeInIndex = 0; path = 29th_Assignment_Youtube.app; sourceTree = BUILT_PRODUCTS_DIR; };
		77ECCD4C270DFE1F0090DDF8 /* AppDelegate.swift */ = {isa = PBXFileReference; lastKnownFileType = sourcecode.swift; path = AppDelegate.swift; sourceTree = "<group>"; };
		77ECCD4E270DFE1F0090DDF8 /* SceneDelegate.swift */ = {isa = PBXFileReference; lastKnownFileType = sourcecode.swift; path = SceneDelegate.swift; sourceTree = "<group>"; };
		77ECCD50270DFE1F0090DDF8 /* SignInVC.swift */ = {isa = PBXFileReference; lastKnownFileType = sourcecode.swift; path = SignInVC.swift; sourceTree = "<group>"; };
		77ECCD53270DFE1F0090DDF8 /* Base */ = {isa = PBXFileReference; lastKnownFileType = file.storyboard; name = Base; path = Base.lproj/Main.storyboard; sourceTree = "<group>"; };
		77ECCD58270DFE220090DDF8 /* Base */ = {isa = PBXFileReference; lastKnownFileType = file.storyboard; name = Base; path = Base.lproj/LaunchScreen.storyboard; sourceTree = "<group>"; };
		77ECCD5A270DFE220090DDF8 /* Info.plist */ = {isa = PBXFileReference; lastKnownFileType = text.plist.xml; path = Info.plist; sourceTree = "<group>"; };
		77ECCD60270E141B0090DDF8 /* SignUpVC.swift */ = {isa = PBXFileReference; lastKnownFileType = sourcecode.swift; path = SignUpVC.swift; sourceTree = "<group>"; };
		77ECCD62270E14510090DDF8 /* ResultVC.swift */ = {isa = PBXFileReference; lastKnownFileType = sourcecode.swift; path = ResultVC.swift; sourceTree = "<group>"; };
		813993321E1E762683C977C9 /* Pods-29th_Assignment_Youtube.debug.xcconfig */ = {isa = PBXFileReference; includeInIndex = 1; lastKnownFileType = text.xcconfig; name = "Pods-29th_Assignment_Youtube.debug.xcconfig"; path = "Target Support Files/Pods-29th_Assignment_Youtube/Pods-29th_Assignment_Youtube.debug.xcconfig"; sourceTree = "<group>"; };
		D3741137E771D57A236DFE73 /* Pods-29th_Assignment_Youtube.release.xcconfig */ = {isa = PBXFileReference; includeInIndex = 1; lastKnownFileType = text.xcconfig; name = "Pods-29th_Assignment_Youtube.release.xcconfig"; path = "Target Support Files/Pods-29th_Assignment_Youtube/Pods-29th_Assignment_Youtube.release.xcconfig"; sourceTree = "<group>"; };
/* End PBXFileReference section */

/* Begin PBXFrameworksBuildPhase section */
		77ECCD46270DFE1F0090DDF8 /* Frameworks */ = {
			isa = PBXFrameworksBuildPhase;
			buildActionMask = 2147483647;
			files = (
				E3673B71328668C39D306F84 /* Pods_29th_Assignment_Youtube.framework in Frameworks */,
			);
			runOnlyForDeploymentPostprocessing = 0;
		};
/* End PBXFrameworksBuildPhase section */

/* Begin PBXGroup section */
		60DCBD5C3EC4585B422697AA /* Frameworks */ = {
			isa = PBXGroup;
			children = (
				126E61C2C861EE477EDEF532 /* Pods_29th_Assignment_Youtube.framework */,
			);
			name = Frameworks;
			sourceTree = "<group>";
		};
		77ECCD40270DFE1F0090DDF8 = {
			isa = PBXGroup;
			children = (
				77ECCD4B270DFE1F0090DDF8 /* 29th_Assignment_Youtube */,
				77ECCD4A270DFE1F0090DDF8 /* Products */,
				FFCC8E35E52AA13A2E01FBDC /* Pods */,
				60DCBD5C3EC4585B422697AA /* Frameworks */,
			);
			sourceTree = "<group>";
		};
		77ECCD4A270DFE1F0090DDF8 /* Products */ = {
			isa = PBXGroup;
			children = (
				77ECCD49270DFE1F0090DDF8 /* 29th_Assignment_Youtube.app */,
			);
			name = Products;
			sourceTree = "<group>";
		};
		77ECCD4B270DFE1F0090DDF8 /* 29th_Assignment_Youtube */ = {
			isa = PBXGroup;
			children = (
				77ECCD5A270DFE220090DDF8 /* Info.plist */,
				772C141A273AA7E000BB0127 /* APIConstants.swift */,
				772C141C273AA95000BB0127 /* NetworkResult.swift */,
				772C1420273AAAD700BB0127 /* UserSignService.swift */,
				772C141E273AA9C100BB0127 /* LoginResponseDataModel.swift */,
				77ECCD52270DFE1F0090DDF8 /* Main.storyboard */,
				77AF1B40271B57AD007401DA /* TabBar.storyboard */,
				77C96F78272A6E4700A5E44E /* HomeTableViewCell.xib */,
				77C96F82272B820100A5E44E /* HomeCollectionViewCell.xib */,
				77C96F88272C16EA00A5E44E /* CategoryCollectionViewCell.xib */,
				77ECCD57270DFE220090DDF8 /* LaunchScreen.storyboard */,
				77ECCD4C270DFE1F0090DDF8 /* AppDelegate.swift */,
				77ECCD4E270DFE1F0090DDF8 /* SceneDelegate.swift */,
				77ECCD50270DFE1F0090DDF8 /* SignInVC.swift */,
				77ECCD60270E141B0090DDF8 /* SignUpVC.swift */,
				77ECCD62270E14510090DDF8 /* ResultVC.swift */,
				77C96F75272A433800A5E44E /* HomeVC.swift */,
				77C96F87272C16EA00A5E44E /* CategoryCollectionViewCell.swift */,
				77AF1B3E271B5115007401DA /* NavigationController.swift */,
				77AF1B42271B5B25007401DA /* TabBarController.swift */,
				77C96F81272B820100A5E44E /* HomeCollectionViewCell.swift */,
				77C96F77272A6E4700A5E44E /* HomeTableViewCell.swift */,
				77C96F7B272A7AAF00A5E44E /* AppContentDataModel.swift */,
				77AF1B362719E018007401DA /* Assets.xcassets */,
				77AF1B3A2719E7DB007401DA /* SF-Pro-Display-Semibold.otf */,
				77AF1B382719E79D007401DA /* SF-Pro-Display-Regular.otf */,
				77AF1B3C2719EDD4007401DA /* SF-Pro-Display-Medium.otf */,
			);
			path = 29th_Assignment_Youtube;
			sourceTree = "<group>";
		};
		FFCC8E35E52AA13A2E01FBDC /* Pods */ = {
			isa = PBXGroup;
			children = (
				813993321E1E762683C977C9 /* Pods-29th_Assignment_Youtube.debug.xcconfig */,
				D3741137E771D57A236DFE73 /* Pods-29th_Assignment_Youtube.release.xcconfig */,
			);
			path = Pods;
			sourceTree = "<group>";
		};
/* End PBXGroup section */

/* Begin PBXNativeTarget section */
		77ECCD48270DFE1F0090DDF8 /* 29th_Assignment_Youtube */ = {
			isa = PBXNativeTarget;
			buildConfigurationList = 77ECCD5D270DFE220090DDF8 /* Build configuration list for PBXNativeTarget "29th_Assignment_Youtube" */;
			buildPhases = (
				5973834B49190324A5FDA426 /* [CP] Check Pods Manifest.lock */,
				77ECCD45270DFE1F0090DDF8 /* Sources */,
				77ECCD46270DFE1F0090DDF8 /* Frameworks */,
				77ECCD47270DFE1F0090DDF8 /* Resources */,
				9FD12CB9D5758E489C4E25BC /* [CP] Embed Pods Frameworks */,
			);
			buildRules = (
			);
			dependencies = (
			);
			name = 29th_Assignment_Youtube;
			productName = 29th_Assignment_Youtube;
			productReference = 77ECCD49270DFE1F0090DDF8 /* 29th_Assignment_Youtube.app */;
			productType = "com.apple.product-type.application";
		};
/* End PBXNativeTarget section */

/* Begin PBXProject section */
		77ECCD41270DFE1F0090DDF8 /* Project object */ = {
			isa = PBXProject;
			attributes = {
				BuildIndependentTargetsInParallel = 1;
				LastSwiftUpdateCheck = 1300;
				LastUpgradeCheck = 1300;
				TargetAttributes = {
					77ECCD48270DFE1F0090DDF8 = {
						CreatedOnToolsVersion = 13.0;
					};
				};
			};
			buildConfigurationList = 77ECCD44270DFE1F0090DDF8 /* Build configuration list for PBXProject "29th_Assignment_Youtube" */;
			compatibilityVersion = "Xcode 13.0";
			developmentRegion = en;
			hasScannedForEncodings = 0;
			knownRegions = (
				en,
				Base,
			);
			mainGroup = 77ECCD40270DFE1F0090DDF8;
			productRefGroup = 77ECCD4A270DFE1F0090DDF8 /* Products */;
			projectDirPath = "";
			projectRoot = "";
			targets = (
				77ECCD48270DFE1F0090DDF8 /* 29th_Assignment_Youtube */,
			);
		};
/* End PBXProject section */

/* Begin PBXResourcesBuildPhase section */
		77ECCD47270DFE1F0090DDF8 /* Resources */ = {
			isa = PBXResourcesBuildPhase;
			buildActionMask = 2147483647;
			files = (
				77AF1B3D2719EDD4007401DA /* SF-Pro-Display-Medium.otf in Resources */,
				77ECCD59270DFE220090DDF8 /* LaunchScreen.storyboard in Resources */,
				77C96F7A272A6E4700A5E44E /* HomeTableViewCell.xib in Resources */,
				77AF1B372719E018007401DA /* Assets.xcassets in Resources */,
				77C96F84272B820100A5E44E /* HomeCollectionViewCell.xib in Resources */,
				77AF1B3B2719E7DB007401DA /* SF-Pro-Display-Semibold.otf in Resources */,
				77C96F8A272C16EA00A5E44E /* CategoryCollectionViewCell.xib in Resources */,
				77AF1B392719E79D007401DA /* SF-Pro-Display-Regular.otf in Resources */,
				77AF1B41271B57AD007401DA /* TabBar.storyboard in Resources */,
				77ECCD54270DFE1F0090DDF8 /* Main.storyboard in Resources */,
			);
			runOnlyForDeploymentPostprocessing = 0;
		};
/* End PBXResourcesBuildPhase section */

/* Begin PBXShellScriptBuildPhase section */
		5973834B49190324A5FDA426 /* [CP] Check Pods Manifest.lock */ = {
			isa = PBXShellScriptBuildPhase;
			buildActionMask = 2147483647;
			files = (
			);
			inputFileListPaths = (
			);
			inputPaths = (
				"${PODS_PODFILE_DIR_PATH}/Podfile.lock",
				"${PODS_ROOT}/Manifest.lock",
			);
			name = "[CP] Check Pods Manifest.lock";
			outputFileListPaths = (
			);
			outputPaths = (
				"$(DERIVED_FILE_DIR)/Pods-29th_Assignment_Youtube-checkManifestLockResult.txt",
			);
			runOnlyForDeploymentPostprocessing = 0;
			shellPath = /bin/sh;
			shellScript = "diff \"${PODS_PODFILE_DIR_PATH}/Podfile.lock\" \"${PODS_ROOT}/Manifest.lock\" > /dev/null\nif [ $? != 0 ] ; then\n    # print error to STDERR\n    echo \"error: The sandbox is not in sync with the Podfile.lock. Run 'pod install' or update your CocoaPods installation.\" >&2\n    exit 1\nfi\n# This output is used by Xcode 'outputs' to avoid re-running this script phase.\necho \"SUCCESS\" > \"${SCRIPT_OUTPUT_FILE_0}\"\n";
			showEnvVarsInLog = 0;
		};
		9FD12CB9D5758E489C4E25BC /* [CP] Embed Pods Frameworks */ = {
			isa = PBXShellScriptBuildPhase;
			buildActionMask = 2147483647;
			files = (
			);
			inputFileListPaths = (
				"${PODS_ROOT}/Target Support Files/Pods-29th_Assignment_Youtube/Pods-29th_Assignment_Youtube-frameworks-${CONFIGURATION}-input-files.xcfilelist",
			);
			name = "[CP] Embed Pods Frameworks";
			outputFileListPaths = (
				"${PODS_ROOT}/Target Support Files/Pods-29th_Assignment_Youtube/Pods-29th_Assignment_Youtube-frameworks-${CONFIGURATION}-output-files.xcfilelist",
			);
			runOnlyForDeploymentPostprocessing = 0;
			shellPath = /bin/sh;
			shellScript = "\"${PODS_ROOT}/Target Support Files/Pods-29th_Assignment_Youtube/Pods-29th_Assignment_Youtube-frameworks.sh\"\n";
			showEnvVarsInLog = 0;
		};
/* End PBXShellScriptBuildPhase section */

/* Begin PBXSourcesBuildPhase section */
		77ECCD45270DFE1F0090DDF8 /* Sources */ = {
			isa = PBXSourcesBuildPhase;
			buildActionMask = 2147483647;
			files = (
				77AF1B3F271B5115007401DA /* NavigationController.swift in Sources */,
				772C1421273AAAD700BB0127 /* UserSignService.swift in Sources */,
				77C96F7C272A7AAF00A5E44E /* AppContentDataModel.swift in Sources */,
				772C141F273AA9C100BB0127 /* LoginResponseDataModel.swift in Sources */,
				772C141B273AA7E000BB0127 /* APIConstants.swift in Sources */,
				77C96F76272A433800A5E44E /* HomeVC.swift in Sources */,
				77ECCD63270E14510090DDF8 /* ResultVC.swift in Sources */,
				77C96F89272C16EA00A5E44E /* CategoryCollectionViewCell.swift in Sources */,
				77ECCD51270DFE1F0090DDF8 /* SignInVC.swift in Sources */,
				77ECCD4D270DFE1F0090DDF8 /* AppDelegate.swift in Sources */,
				77C96F83272B820100A5E44E /* HomeCollectionViewCell.swift in Sources */,
				77AF1B43271B5B25007401DA /* TabBarController.swift in Sources */,
				77C96F79272A6E4700A5E44E /* HomeTableViewCell.swift in Sources */,
				77ECCD61270E141B0090DDF8 /* SignUpVC.swift in Sources */,
				77ECCD4F270DFE1F0090DDF8 /* SceneDelegate.swift in Sources */,
				772C141D273AA95000BB0127 /* NetworkResult.swift in Sources */,
			);
			runOnlyForDeploymentPostprocessing = 0;
		};
/* End PBXSourcesBuildPhase section */

/* Begin PBXVariantGroup section */
		77ECCD52270DFE1F0090DDF8 /* Main.storyboard */ = {
			isa = PBXVariantGroup;
			children = (
				77ECCD53270DFE1F0090DDF8 /* Base */,
			);
			name = Main.storyboard;
			sourceTree = "<group>";
		};
		77ECCD57270DFE220090DDF8 /* LaunchScreen.storyboard */ = {
			isa = PBXVariantGroup;
			children = (
				77ECCD58270DFE220090DDF8 /* Base */,
			);
			name = LaunchScreen.storyboard;
			sourceTree = "<group>";
		};
/* End PBXVariantGroup section */

/* Begin XCBuildConfiguration section */
		77ECCD5B270DFE220090DDF8 /* Debug */ = {
			isa = XCBuildConfiguration;
			buildSettings = {
				ALWAYS_SEARCH_USER_PATHS = NO;
				CLANG_ANALYZER_NONNULL = YES;
				CLANG_ANALYZER_NUMBER_OBJECT_CONVERSION = YES_AGGRESSIVE;
				CLANG_CXX_LANGUAGE_STANDARD = "gnu++17";
				CLANG_CXX_LIBRARY = "libc++";
				CLANG_ENABLE_MODULES = YES;
				CLANG_ENABLE_OBJC_ARC = YES;
				CLANG_ENABLE_OBJC_WEAK = YES;
				CLANG_WARN_BLOCK_CAPTURE_AUTORELEASING = YES;
				CLANG_WARN_BOOL_CONVERSION = YES;
				CLANG_WARN_COMMA = YES;
				CLANG_WARN_CONSTANT_CONVERSION = YES;
				CLANG_WARN_DEPRECATED_OBJC_IMPLEMENTATIONS = YES;
				CLANG_WARN_DIRECT_OBJC_ISA_USAGE = YES_ERROR;
				CLANG_WARN_DOCUMENTATION_COMMENTS = YES;
				CLANG_WARN_EMPTY_BODY = YES;
				CLANG_WARN_ENUM_CONVERSION = YES;
				CLANG_WARN_INFINITE_RECURSION = YES;
				CLANG_WARN_INT_CONVERSION = YES;
				CLANG_WARN_NON_LITERAL_NULL_CONVERSION = YES;
				CLANG_WARN_OBJC_IMPLICIT_RETAIN_SELF = YES;
				CLANG_WARN_OBJC_LITERAL_CONVERSION = YES;
				CLANG_WARN_OBJC_ROOT_CLASS = YES_ERROR;
				CLANG_WARN_QUOTED_INCLUDE_IN_FRAMEWORK_HEADER = YES;
				CLANG_WARN_RANGE_LOOP_ANALYSIS = YES;
				CLANG_WARN_STRICT_PROTOTYPES = YES;
				CLANG_WARN_SUSPICIOUS_MOVE = YES;
				CLANG_WARN_UNGUARDED_AVAILABILITY = YES_AGGRESSIVE;
				CLANG_WARN_UNREACHABLE_CODE = YES;
				CLANG_WARN__DUPLICATE_METHOD_MATCH = YES;
				COPY_PHASE_STRIP = NO;
				DEBUG_INFORMATION_FORMAT = dwarf;
				ENABLE_STRICT_OBJC_MSGSEND = YES;
				ENABLE_TESTABILITY = YES;
				GCC_C_LANGUAGE_STANDARD = gnu11;
				GCC_DYNAMIC_NO_PIC = NO;
				GCC_NO_COMMON_BLOCKS = YES;
				GCC_OPTIMIZATION_LEVEL = 0;
				GCC_PREPROCESSOR_DEFINITIONS = (
					"DEBUG=1",
					"$(inherited)",
				);
				GCC_WARN_64_TO_32_BIT_CONVERSION = YES;
				GCC_WARN_ABOUT_RETURN_TYPE = YES_ERROR;
				GCC_WARN_UNDECLARED_SELECTOR = YES;
				GCC_WARN_UNINITIALIZED_AUTOS = YES_AGGRESSIVE;
				GCC_WARN_UNUSED_FUNCTION = YES;
				GCC_WARN_UNUSED_VARIABLE = YES;
				IPHONEOS_DEPLOYMENT_TARGET = 15.0;
				MTL_ENABLE_DEBUG_INFO = INCLUDE_SOURCE;
				MTL_FAST_MATH = YES;
				ONLY_ACTIVE_ARCH = YES;
				SDKROOT = iphoneos;
				SWIFT_ACTIVE_COMPILATION_CONDITIONS = DEBUG;
				SWIFT_OPTIMIZATION_LEVEL = "-Onone";
			};
			name = Debug;
		};
		77ECCD5C270DFE220090DDF8 /* Release */ = {
			isa = XCBuildConfiguration;
			buildSettings = {
				ALWAYS_SEARCH_USER_PATHS = NO;
				CLANG_ANALYZER_NONNULL = YES;
				CLANG_ANALYZER_NUMBER_OBJECT_CONVERSION = YES_AGGRESSIVE;
				CLANG_CXX_LANGUAGE_STANDARD = "gnu++17";
				CLANG_CXX_LIBRARY = "libc++";
				CLANG_ENABLE_MODULES = YES;
				CLANG_ENABLE_OBJC_ARC = YES;
				CLANG_ENABLE_OBJC_WEAK = YES;
				CLANG_WARN_BLOCK_CAPTURE_AUTORELEASING = YES;
				CLANG_WARN_BOOL_CONVERSION = YES;
				CLANG_WARN_COMMA = YES;
				CLANG_WARN_CONSTANT_CONVERSION = YES;
				CLANG_WARN_DEPRECATED_OBJC_IMPLEMENTATIONS = YES;
				CLANG_WARN_DIRECT_OBJC_ISA_USAGE = YES_ERROR;
				CLANG_WARN_DOCUMENTATION_COMMENTS = YES;
				CLANG_WARN_EMPTY_BODY = YES;
				CLANG_WARN_ENUM_CONVERSION = YES;
				CLANG_WARN_INFINITE_RECURSION = YES;
				CLANG_WARN_INT_CONVERSION = YES;
				CLANG_WARN_NON_LITERAL_NULL_CONVERSION = YES;
				CLANG_WARN_OBJC_IMPLICIT_RETAIN_SELF = YES;
				CLANG_WARN_OBJC_LITERAL_CONVERSION = YES;
				CLANG_WARN_OBJC_ROOT_CLASS = YES_ERROR;
				CLANG_WARN_QUOTED_INCLUDE_IN_FRAMEWORK_HEADER = YES;
				CLANG_WARN_RANGE_LOOP_ANALYSIS = YES;
				CLANG_WARN_STRICT_PROTOTYPES = YES;
				CLANG_WARN_SUSPICIOUS_MOVE = YES;
				CLANG_WARN_UNGUARDED_AVAILABILITY = YES_AGGRESSIVE;
				CLANG_WARN_UNREACHABLE_CODE = YES;
				CLANG_WARN__DUPLICATE_METHOD_MATCH = YES;
				COPY_PHASE_STRIP = NO;
				DEBUG_INFORMATION_FORMAT = "dwarf-with-dsym";
				ENABLE_NS_ASSERTIONS = NO;
				ENABLE_STRICT_OBJC_MSGSEND = YES;
				GCC_C_LANGUAGE_STANDARD = gnu11;
				GCC_NO_COMMON_BLOCKS = YES;
				GCC_WARN_64_TO_32_BIT_CONVERSION = YES;
				GCC_WARN_ABOUT_RETURN_TYPE = YES_ERROR;
				GCC_WARN_UNDECLARED_SELECTOR = YES;
				GCC_WARN_UNINITIALIZED_AUTOS = YES_AGGRESSIVE;
				GCC_WARN_UNUSED_FUNCTION = YES;
				GCC_WARN_UNUSED_VARIABLE = YES;
				IPHONEOS_DEPLOYMENT_TARGET = 15.0;
				MTL_ENABLE_DEBUG_INFO = NO;
				MTL_FAST_MATH = YES;
				SDKROOT = iphoneos;
				SWIFT_COMPILATION_MODE = wholemodule;
				SWIFT_OPTIMIZATION_LEVEL = "-O";
				VALIDATE_PRODUCT = YES;
			};
			name = Release;
		};
		77ECCD5E270DFE220090DDF8 /* Debug */ = {
			isa = XCBuildConfiguration;
			baseConfigurationReference = 813993321E1E762683C977C9 /* Pods-29th_Assignment_Youtube.debug.xcconfig */;
			buildSettings = {
				ASSETCATALOG_COMPILER_APPICON_NAME = AppIcon;
				ASSETCATALOG_COMPILER_GLOBAL_ACCENT_COLOR_NAME = AccentColor;
				CODE_SIGN_STYLE = Automatic;
				CURRENT_PROJECT_VERSION = 1;
				DEVELOPMENT_TEAM = 397WA8BG8W;
				GENERATE_INFOPLIST_FILE = YES;
				INFOPLIST_FILE = 29th_Assignment_Youtube/Info.plist;
				INFOPLIST_KEY_UIApplicationSupportsIndirectInputEvents = YES;
				INFOPLIST_KEY_UILaunchStoryboardName = LaunchScreen;
				INFOPLIST_KEY_UIMainStoryboardFile = Main;
				INFOPLIST_KEY_UISupportedInterfaceOrientations_iPad = "UIInterfaceOrientationPortrait UIInterfaceOrientationPortraitUpsideDown UIInterfaceOrientationLandscapeLeft UIInterfaceOrientationLandscapeRight";
				INFOPLIST_KEY_UISupportedInterfaceOrientations_iPhone = "UIInterfaceOrientationPortrait UIInterfaceOrientationLandscapeLeft UIInterfaceOrientationLandscapeRight";
				LD_RUNPATH_SEARCH_PATHS = (
					"$(inherited)",
					"@executable_path/Frameworks",
				);
				MARKETING_VERSION = 1.0;
				PRODUCT_BUNDLE_IDENTIFIER = "com.eunju.-9th-Assignment-Youtube";
				PRODUCT_NAME = "$(TARGET_NAME)";
				SWIFT_EMIT_LOC_STRINGS = YES;
				SWIFT_VERSION = 5.0;
				TARGETED_DEVICE_FAMILY = "1,2";
			};
			name = Debug;
		};
		77ECCD5F270DFE220090DDF8 /* Release */ = {
			isa = XCBuildConfiguration;
			baseConfigurationReference = D3741137E771D57A236DFE73 /* Pods-29th_Assignment_Youtube.release.xcconfig */;
			buildSettings = {
				ASSETCATALOG_COMPILER_APPICON_NAME = AppIcon;
				ASSETCATALOG_COMPILER_GLOBAL_ACCENT_COLOR_NAME = AccentColor;
				CODE_SIGN_STYLE = Automatic;
				CURRENT_PROJECT_VERSION = 1;
				DEVELOPMENT_TEAM = 397WA8BG8W;
				GENERATE_INFOPLIST_FILE = YES;
				INFOPLIST_FILE = 29th_Assignment_Youtube/Info.plist;
				INFOPLIST_KEY_UIApplicationSupportsIndirectInputEvents = YES;
				INFOPLIST_KEY_UILaunchStoryboardName = LaunchScreen;
				INFOPLIST_KEY_UIMainStoryboardFile = Main;
				INFOPLIST_KEY_UISupportedInterfaceOrientations_iPad = "UIInterfaceOrientationPortrait UIInterfaceOrientationPortraitUpsideDown UIInterfaceOrientationLandscapeLeft UIInterfaceOrientationLandscapeRight";
				INFOPLIST_KEY_UISupportedInterfaceOrientations_iPhone = "UIInterfaceOrientationPortrait UIInterfaceOrientationLandscapeLeft UIInterfaceOrientationLandscapeRight";
				LD_RUNPATH_SEARCH_PATHS = (
					"$(inherited)",
					"@executable_path/Frameworks",
				);
				MARKETING_VERSION = 1.0;
				PRODUCT_BUNDLE_IDENTIFIER = "com.eunju.-9th-Assignment-Youtube";
				PRODUCT_NAME = "$(TARGET_NAME)";
				SWIFT_EMIT_LOC_STRINGS = YES;
				SWIFT_VERSION = 5.0;
				TARGETED_DEVICE_FAMILY = "1,2";
			};
			name = Release;
		};
/* End XCBuildConfiguration section */

/* Begin XCConfigurationList section */
		77ECCD44270DFE1F0090DDF8 /* Build configuration list for PBXProject "29th_Assignment_Youtube" */ = {
			isa = XCConfigurationList;
			buildConfigurations = (
				77ECCD5B270DFE220090DDF8 /* Debug */,
				77ECCD5C270DFE220090DDF8 /* Release */,
			);
			defaultConfigurationIsVisible = 0;
			defaultConfigurationName = Release;
		};
		77ECCD5D270DFE220090DDF8 /* Build configuration list for PBXNativeTarget "29th_Assignment_Youtube" */ = {
			isa = XCConfigurationList;
			buildConfigurations = (
				77ECCD5E270DFE220090DDF8 /* Debug */,
				77ECCD5F270DFE220090DDF8 /* Release */,
			);
			defaultConfigurationIsVisible = 0;
			defaultConfigurationName = Release;
		};
/* End XCConfigurationList section */
	};
	rootObject = 77ECCD41270DFE1F0090DDF8 /* Project object */;
}
